<?xml version="1.0" encoding="utf-8"?>
<Project ToolsVersion="4.0" xmlns="http://schemas.microsoft.com/developer/msbuild/2003">
  <ItemGroup>
    <ClCompile Include="binaryheap_bySalikhova.cpp">
      <Filter>AkhmatzyanovTeam</Filter>
    </ClCompile>
    <ClCompile Include="combSortByIsmailova.cpp">
      <Filter>AkhmatzyanovTeam</Filter>
    </ClCompile>
    <ClCompile Include="MergSortByBurlin.cpp">
      <Filter>AkhmatzyanovTeam</Filter>
    </ClCompile>
    <ClCompile Include="quickSortByAhmatzyanov.cpp">
      <Filter>AkhmatzyanovTeam</Filter>
    </ClCompile>
    <ClCompile Include="timsortByTaishev.cpp">
      <Filter>AkhmatzyanovTeam</Filter>
    </ClCompile>
    <ClCompile Include="tm_datasets.cpp">
      <Filter>TM</Filter>
    </ClCompile>
    <ClCompile Include="quick_sort_by_Shabalinov.cpp">
      <Filter>PolyakovTeam</Filter>
    </ClCompile>
    <ClCompile Include="shell_sort_by_Kamenshchikov.cpp">
      <Filter>PolyakovTeam</Filter>
    </ClCompile>
    <ClCompile Include="merge_sort_by_Iliushik.cpp">
      <Filter>PolyakovTeam</Filter>
    </ClCompile>
    <ClCompile Include="heap_sort_by_Polyakov.cpp">
      <Filter>PolyakovTeam</Filter>
    </ClCompile>
    <Filter Include="Исходные файлы">
      <UniqueIdentifier>{4FC737F1-C7A5-4376-A066-2A32D752A2FF}</UniqueIdentifier>
      <Extensions>cpp;c;cc;cxx;def;odl;idl;hpj;bat;asm;asmx</Extensions>
    </Filter>
    <Filter Include="Файлы заголовков">
      <UniqueIdentifier>{93995380-89BD-4b04-88EB-625FBE52EBFB}</UniqueIdentifier>
      <Extensions>h;hh;hpp;hxx;hm;inl;inc;ipp;xsd</Extensions>
    </Filter>
    <Filter Include="Файлы ресурсов">
      <UniqueIdentifier>{67DA6AB6-F800-4c08-8B7A-83BB121AAD01}</UniqueIdentifier>
      <Extensions>rc;ico;cur;bmp;dlg;rc2;rct;bin;rgs;gif;jpg;jpeg;jpe;resx;tiff;tif;png;wav;mfcribbon-ms</Extensions>
    </Filter>
    <ClCompile Include="sort_race.cpp">
      <Filter>Исходные файлы</Filter>
    </ClCompile>
    <ClCompile Include="tm_datasets.cpp">
      <Filter>Исходные файлы</Filter>
    </ClCompile>
  </ItemGroup>
  <ItemGroup>
    <ClCompile Include="std_sort.cpp">
      <Filter>TM</Filter>
    </ClCompile>
    <ClCompile Include="QuickSort_Efimenko.cpp">
      <Filter>ShekhovtsovaTeam</Filter>
    </ClCompile>
    <ClCompile Include="RadixSort_by_Shekhovtsova.cpp">
      <Filter>ShekhovtsovaTeam</Filter>
    </ClCompile>
    <ClCompile Include="Shekhovtsova_team_dataset.cpp">
      <Filter>ShekhovtsovaTeam</Filter>
    </ClCompile>
    <ClCompile Include="TreeSortByIssabek.cpp">
      <Filter>ShekhovtsovaTeam</Filter>
    </ClCompile>
    <ClCompile Include="CombSortBySuleimenovaZh.cpp">
      <Filter>ShekhovtsovaTeam</Filter>
    </ClCompile>
    <ClCompile Include="CombSortByKononenko.cpp">
      <Filter>KononenkoTeam</Filter>
    </ClCompile>
    <ClCompile Include="ShellSort_by_Skriplyuk.cpp">
      <Filter>KononenkoTeam</Filter>
    </ClCompile>
    <ClCompile Include="mergeSortByMalakhov.cpp">
      <Filter>KononenkoTeam</Filter>
    </ClCompile>
    <ClCompile Include="QuicksortbyMaltsev.cpp">
      <Filter>KononenkoTeam</Filter>
    </ClCompile>
  </ItemGroup>
  <ItemGroup>
    <ClInclude Include="BitonicSort_Sharnin.h">
      <Filter>ShuranskyTeam</Filter>
    </ClInclude>
    <ClInclude Include="HeapSort_Gabrielian.h">
      <Filter>ShuranskyTeam</Filter>
    </ClInclude>
    <ClInclude Include="MergeSort_Shuranskiy.h">
      <Filter>ShuranskyTeam</Filter>
    </ClInclude>
    <ClInclude Include="QuickSort_Pashayan.h">
      <Filter>ShuranskyTeam</Filter>
    </ClInclude>
    <ClInclude Include="DataSets.h">
      <Filter>Файлы заголовков</Filter>
    </ClInclude>
    <ClInclude Include="Participants.h">
      <Filter>Файлы заголовков</Filter>
    </ClInclude>
    <ClInclude Include="DataSetRegister.h">
      <Filter>Файлы заголовков</Filter>
    </ClInclude>
  </ItemGroup>
  <ItemGroup>
    <Filter Include="AkhmatzyanovTeam">
      <UniqueIdentifier>{b96c2b2c-490c-4b11-90c2-5579da6039aa}</UniqueIdentifier>
    </Filter>
    <Filter Include="TM">
      <UniqueIdentifier>{6213113b-9b1e-47b3-8561-b2a75b9a3555}</UniqueIdentifier>
    </Filter>
    <Filter Include="ShuranskyTeam">
      <UniqueIdentifier>{63d37e1f-4874-4cd1-b175-9d90536c3359}</UniqueIdentifier>
    </Filter>
    <Filter Include="ShekhovtsovaTeam">
      <UniqueIdentifier>{38928351-6232-4d67-9339-2f256bd2d194}</UniqueIdentifier>
    </Filter>
    <Filter Include="KononenkoTeam">
      <UniqueIdentifier>{d6d34fcb-1eec-482a-99c7-7ef240dd057b}</UniqueIdentifier>
    </Filter>
    <Filter Include="PolyakovTeam">
      <UniqueIdentifier>{6d76911f-cb06-4e79-a810-02f4a2ef2b1b}</UniqueIdentifier>
    </Filter>
    <ClCompile Include="countingSortByTkachev.cpp">
      <Filter>TkachevTeam</Filter>
    </ClCompile>
    <ClCompile Include="Quick_Sort_by_Karyagin.cpp">
      <Filter>TkachevTeam</Filter>
    </ClCompile>
    <ClCompile Include="HeapSortByKulagina.cpp">
      <Filter>TkachevTeam</Filter>
    </ClCompile>
    <ClCompile Include="Merge_sort_by_Kotova.cpp">
      <Filter>TkachevTeam</Filter>
    </ClCompile>
    <Filter Include="TkachevTeam">
      <UniqueIdentifier>{a3dcfab6-4b98-4ccf-91d9-8f587af540e1}</UniqueIdentifier>
    </Filter>
  </ItemGroup>
</Project>