<?xml version="1.0" encoding="utf-8"?>
<Project ToolsVersion="4.0" xmlns="http://schemas.microsoft.com/developer/msbuild/2003">
  <ItemGroup>
    <ClCompile Include="sort_race.cpp" />
    <ClCompile Include="tm_datasets.cpp">
      <Filter>TM</Filter>
    </ClCompile>
    <ClCompile Include="std_sort.cpp">
      <Filter>TM</Filter>
    </ClCompile>
    <ClCompile Include="quickSortBySimonov.cpp">
      <Filter>SimonovTeam</Filter>
    </ClCompile>
    <ClCompile Include="shellSortByChiganov.cpp">
      <Filter>SimonovTeam</Filter>
    </ClCompile>
    <ClCompile Include="InsertsortBySafonov.cpp">
      <Filter>SimonovTeam</Filter>
    </ClCompile>
    <ClCompile Include="mergSortByPulkov.cpp">
      <Filter>SimonovTeam</Filter>
    </ClCompile>
  </ItemGroup>
  <ItemGroup>
    <ClInclude Include="DataSetRegister.h" />
    <ClInclude Include="DataSets.h" />
    <ClInclude Include="Participants.h" />
  </ItemGroup>
  <ItemGroup>
    <Filter Include="TM">
      <UniqueIdentifier>{6213113b-9b1e-47b3-8561-b2a75b9a3555}</UniqueIdentifier>
    </Filter>
    <Filter Include="SimonovTeam">
      <UniqueIdentifier>{2eae6a98-d3f0-44c3-b82c-661d31395547}</UniqueIdentifier>
    </Filter>
  </ItemGroup>
</Project>